Microsoft Visual Studio Solution File, Format Version 12.00
# Visual Studio Version 17
VisualStudioVersion = 17.5.2.0
MinimumVisualStudioVersion = 10.0.40219.1
Project("{FAE04EC0-301F-11D3-BF4B-00C04F79EFBC}") = "MiBanco", "MiBanco\MiBanco.csproj", "{C9CCF4FC-0450-188D-7CA0-FFF19A0AC8BD}"
EndProject
Global
	GlobalSection(SolutionConfigurationPlatforms) = preSolution
		Debug|Any CPU = Debug|Any CPU
		Release|Any CPU = Release|Any CPU
	EndGlobalSection
	GlobalSection(ProjectConfigurationPlatforms) = postSolution
		{C9CCF4FC-0450-188D-7CA0-FFF19A0AC8BD}.Debug|Any CPU.ActiveCfg = Debug|Any CPU
		{C9CCF4FC-0450-188D-7CA0-FFF19A0AC8BD}.Debug|Any CPU.Build.0 = Debug|Any CPU
		{C9CCF4FC-0450-188D-7CA0-FFF19A0AC8BD}.Release|Any CPU.ActiveCfg = Release|Any CPU
		{C9CCF4FC-0450-188D-7CA0-FFF19A0AC8BD}.Release|Any CPU.Build.0 = Release|Any CPU
	EndGlobalSection
	GlobalSection(SolutionProperties) = preSolution
		HideSolutionNode = FALSE
	EndGlobalSection
	GlobalSection(ExtensibilityGlobals) = postSolution
		SolutionGuid = {F97EB035-1BE6-4A78-B249-D858F9DFEC61}
	EndGlobalSection
EndGlobal
